# This file was autogenerated by Stack.
# You should not edit this file by hand.
# For more information, please see the documentation at:
#   https://docs.haskellstack.org/en/stable/lock_files

packages:
- completed:
    hackage: dates-0.2.3.0@sha256:915a2fc85ea818542851ed54a85abe6a042e7d78f470a5a6db032768f6c6415a,2179
    pantry-tree:
      size: 443
      sha256: 010c2b73848cb519ea9677eaedd03bfcd7f32735000d870e6dc763b9be15e12c
  original:
    hackage: dates-0.2.3.0@sha256:915a2fc85ea818542851ed54a85abe6a042e7d78f470a5a6db032768f6c6415a,2179
snapshots:
- completed:
    size: 567675
    url: https://raw.githubusercontent.com/commercialhaskell/stackage-snapshots/master/lts/17/13.yaml
    sha256: 84fa3ab606af79b1239ec213e8db5d49e4857f461eda9ac61fe589c967643b7d
  original: lts-17.13
