# This file was autogenerated by Stack.
# You should not edit this file by hand.
# For more information, please see the documentation at:
#   https://docs.haskellstack.org/en/stable/lock_files

packages:
- completed:
    hackage: normaldistribution-1.1.0.3@sha256:2615b784c4112cbf6ffa0e2b55b76790290a9b9dff18a05d8c89aa374b213477,2160
    pantry-tree:
      size: 269
      sha256: 856818862d12df8b030fa9cfef2c4ffa604d06f0eb057498db245dfffcd60e3c
  original:
    hackage: normaldistribution-1.1.0.3@sha256:2615b784c4112cbf6ffa0e2b55b76790290a9b9dff18a05d8c89aa374b213477,2160
snapshots:
- completed:
    size: 567037
    url: https://raw.githubusercontent.com/commercialhaskell/stackage-snapshots/master/lts/17/9.yaml
    sha256: d7d8d5106e53d1669964bd8bd2b0f88a5ad192d772f5376384b76738fd992311
  original: lts-17.9
