# This file was autogenerated by Stack.
# You should not edit this file by hand.
# For more information, please see the documentation at:
#   https://docs.haskellstack.org/en/stable/lock_files

packages:
- completed:
    subdir: lol
    name: lol
    version: 0.7.0.1
    git: https://github.com/cpeikert/Lol.git
    pantry-tree:
      size: 5263
      sha256: 47ef66e7591f6490bf922aff0157b8df83c3d05d8a90c701d65c3c1877a2efc5
    commit: 9da805f3d3be7fed6e5276cfd2aafe0894dcd14d
  original:
    subdir: lol
    git: https://github.com/cpeikert/Lol.git
    commit: 9da805f3d3be7fed6e5276cfd2aafe0894dcd14d
- completed:
    hackage: monadcryptorandom-0.7.2.1@sha256:b0e739271f4fd015ce81a411322de1ce36f9861886c2754276750aa399a610b2,1349
    pantry-tree:
      size: 233
      sha256: 1ab84cea84745348fe2850f77baf60b174ce39d976bf35ed94a31d287bed0a00
  original:
    hackage: monadcryptorandom-0.7.2.1
snapshots:
- completed:
    size: 567679
    url: https://raw.githubusercontent.com/commercialhaskell/stackage-snapshots/master/lts/17/15.yaml
    sha256: 72e87841a0ab5b72f6f018e8ee692fd972b7bb32a944990f028e10d6eb528e63
  original:
    url: https://raw.githubusercontent.com/commercialhaskell/stackage-snapshots/master/lts/17/15.yaml
