# This file was autogenerated by Stack.
# You should not edit this file by hand.
# For more information, please see the documentation at:
#   https://docs.haskellstack.org/en/stable/lock_files

packages:
- completed:
    hackage: monadcryptorandom-0.7.2.1@sha256:b0e739271f4fd015ce81a411322de1ce36f9861886c2754276750aa399a610b2,1349
    pantry-tree:
      size: 233
      sha256: 1ab84cea84745348fe2850f77baf60b174ce39d976bf35ed94a31d287bed0a00
  original:
    hackage: monadcryptorandom-0.7.2.1@sha256:b0e739271f4fd015ce81a411322de1ce36f9861886c2754276750aa399a610b2,1349
snapshots:
- completed:
    size: 565266
    url: https://raw.githubusercontent.com/commercialhaskell/stackage-snapshots/master/lts/17/5.yaml
    sha256: 78e8ebabf11406261abbc95b44f240acf71802630b368888f6d758de7fc3a2f7
  original: lts-17.5
